
Microsoft Visual Studio Solution File, Format Version 12.00
# Visual Studio Version 17
VisualStudioVersion = 17.14.36414.22 d17.14
MinimumVisualStudioVersion = 10.0.40219.1
Project("{FAE04EC0-301F-11D3-BF4B-00C04F79EFBC}") = "TaskFlow", "TaskFlow\TaskFlow.csproj", "{DEFBB16F-8337-4F53-A9F1-C642B597EA73}"
EndProject
Global
	GlobalSection(SolutionConfigurationPlatforms) = preSolution
		Debug|Any CPU = Debug|Any CPU
		Release|Any CPU = Release|Any CPU
	EndGlobalSection
	GlobalSection(ProjectConfigurationPlatforms) = postSolution
		{DEFBB16F-8337-4F53-A9F1-C642B597EA73}.Debug|Any CPU.ActiveCfg = Debug|Any CPU
		{DEFBB16F-8337-4F53-A9F1-C642B597EA73}.Debug|Any CPU.Build.0 = Debug|Any CPU
		{DEFBB16F-8337-4F53-A9F1-C642B597EA73}.Release|Any CPU.ActiveCfg = Release|Any CPU
		{DEFBB16F-8337-4F53-A9F1-C642B597EA73}.Release|Any CPU.Build.0 = Release|Any CPU
	EndGlobalSection
	GlobalSection(SolutionProperties) = preSolution
		HideSolutionNode = FALSE
	EndGlobalSection
	GlobalSection(ExtensibilityGlobals) = postSolution
		SolutionGuid = {12887F6E-887F-4EA8-8427-C022C0337C68}
	EndGlobalSection
EndGlobal
